
Microsoft Visual Studio Solution File, Format Version 12.00
# Visual Studio Version 16
VisualStudioVersion = 16.0.30711.63
MinimumVisualStudioVersion = 10.0.40219.1
Project("{8BC9CEB8-8B4A-11D0-8D11-00A0C91BC942}") = "lab 1.5", "lab 1.5\lab 1.5.vcxproj", "{CE6CAA66-4ABD-4987-B4CC-7376AEB8582A}"
EndProject
Project("{8BC9CEB8-8B4A-11D0-8D11-00A0C91BC942}") = "UnitTest1", "UnitTest1\UnitTest1.vcxproj", "{28DFA089-D7D5-4106-AA4F-EAEDDEA55F19}"
EndProject
Global
	GlobalSection(SolutionConfigurationPlatforms) = preSolution
		Debug|x64 = Debug|x64
		Debug|x86 = Debug|x86
		Release|x64 = Release|x64
		Release|x86 = Release|x86
	EndGlobalSection
	GlobalSection(ProjectConfigurationPlatforms) = postSolution
		{CE6CAA66-4ABD-4987-B4CC-7376AEB8582A}.Debug|x64.ActiveCfg = Debug|x64
		{CE6CAA66-4ABD-4987-B4CC-7376AEB8582A}.Debug|x64.Build.0 = Debug|x64
		{CE6CAA66-4ABD-4987-B4CC-7376AEB8582A}.Debug|x86.ActiveCfg = Debug|Win32
		{CE6CAA66-4ABD-4987-B4CC-7376AEB8582A}.Debug|x86.Build.0 = Debug|Win32
		{CE6CAA66-4ABD-4987-B4CC-7376AEB8582A}.Release|x64.ActiveCfg = Release|x64
		{CE6CAA66-4ABD-4987-B4CC-7376AEB8582A}.Release|x64.Build.0 = Release|x64
		{CE6CAA66-4ABD-4987-B4CC-7376AEB8582A}.Release|x86.ActiveCfg = Release|Win32
		{CE6CAA66-4ABD-4987-B4CC-7376AEB8582A}.Release|x86.Build.0 = Release|Win32
		{28DFA089-D7D5-4106-AA4F-EAEDDEA55F19}.Debug|x64.ActiveCfg = Debug|x64
		{28DFA089-D7D5-4106-AA4F-EAEDDEA55F19}.Debug|x64.Build.0 = Debug|x64
		{28DFA089-D7D5-4106-AA4F-EAEDDEA55F19}.Debug|x86.ActiveCfg = Debug|Win32
		{28DFA089-D7D5-4106-AA4F-EAEDDEA55F19}.Debug|x86.Build.0 = Debug|Win32
		{28DFA089-D7D5-4106-AA4F-EAEDDEA55F19}.Release|x64.ActiveCfg = Release|x64
		{28DFA089-D7D5-4106-AA4F-EAEDDEA55F19}.Release|x64.Build.0 = Release|x64
		{28DFA089-D7D5-4106-AA4F-EAEDDEA55F19}.Release|x86.ActiveCfg = Release|Win32
		{28DFA089-D7D5-4106-AA4F-EAEDDEA55F19}.Release|x86.Build.0 = Release|Win32
	EndGlobalSection
	GlobalSection(SolutionProperties) = preSolution
		HideSolutionNode = FALSE
	EndGlobalSection
	GlobalSection(ExtensibilityGlobals) = postSolution
		SolutionGuid = {E8E5C689-32AC-49C2-92B8-4A506BDCDC06}
	EndGlobalSection
EndGlobal
